
Microsoft Visual Studio Solution File, Format Version 12.00
# Visual Studio Version 16
VisualStudioVersion = 16.0.29806.167
MinimumVisualStudioVersion = 10.0.40219.1
Project("{FAE04EC0-301F-11D3-BF4B-00C04F79EFBC}") = "ZChangerMMO", "ZChangerMMO\ZChangerMMO.csproj", "{EA6571C8-FA79-4BD6-94DD-C8538BB0A0CF}"
EndProject
Project("{FAE04EC0-301F-11D3-BF4B-00C04F79EFBC}") = "ZChangerMMOHost", "NativeMessagingHost\dataDyneChromeServerHost\ZChangerMMOHost.csproj", "{3151A4AE-10EF-4C8B-B99B-65D6F8CC7632}"
EndProject
Global
	GlobalSection(SolutionConfigurationPlatforms) = preSolution
		Debug|Any CPU = Debug|Any CPU
		Debug|x64 = Debug|x64
		Debug|x86 = Debug|x86
		Release|Any CPU = Release|Any CPU
		Release|x64 = Release|x64
		Release|x86 = Release|x86
	EndGlobalSection
	GlobalSection(ProjectConfigurationPlatforms) = postSolution
		{EA6571C8-FA79-4BD6-94DD-C8538BB0A0CF}.Debug|Any CPU.ActiveCfg = Debug|Any CPU
		{EA6571C8-FA79-4BD6-94DD-C8538BB0A0CF}.Debug|Any CPU.Build.0 = Debug|Any CPU
		{EA6571C8-FA79-4BD6-94DD-C8538BB0A0CF}.Debug|x64.ActiveCfg = Debug|Any CPU
		{EA6571C8-FA79-4BD6-94DD-C8538BB0A0CF}.Debug|x64.Build.0 = Debug|Any CPU
		{EA6571C8-FA79-4BD6-94DD-C8538BB0A0CF}.Debug|x86.ActiveCfg = Debug|Any CPU
		{EA6571C8-FA79-4BD6-94DD-C8538BB0A0CF}.Debug|x86.Build.0 = Debug|Any CPU
		{EA6571C8-FA79-4BD6-94DD-C8538BB0A0CF}.Release|Any CPU.ActiveCfg = Release|Any CPU
		{EA6571C8-FA79-4BD6-94DD-C8538BB0A0CF}.Release|Any CPU.Build.0 = Release|Any CPU
		{EA6571C8-FA79-4BD6-94DD-C8538BB0A0CF}.Release|x64.ActiveCfg = Release|Any CPU
		{EA6571C8-FA79-4BD6-94DD-C8538BB0A0CF}.Release|x64.Build.0 = Release|Any CPU
		{EA6571C8-FA79-4BD6-94DD-C8538BB0A0CF}.Release|x86.ActiveCfg = Release|Any CPU
		{EA6571C8-FA79-4BD6-94DD-C8538BB0A0CF}.Release|x86.Build.0 = Release|Any CPU
		{3151A4AE-10EF-4C8B-B99B-65D6F8CC7632}.Debug|Any CPU.ActiveCfg = Debug|x86
		{3151A4AE-10EF-4C8B-B99B-65D6F8CC7632}.Debug|x64.ActiveCfg = Debug|x86
		{3151A4AE-10EF-4C8B-B99B-65D6F8CC7632}.Debug|x86.ActiveCfg = Debug|x86
		{3151A4AE-10EF-4C8B-B99B-65D6F8CC7632}.Debug|x86.Build.0 = Debug|x86
		{3151A4AE-10EF-4C8B-B99B-65D6F8CC7632}.Release|Any CPU.ActiveCfg = Release|x86
		{3151A4AE-10EF-4C8B-B99B-65D6F8CC7632}.Release|x64.ActiveCfg = Release|x86
		{3151A4AE-10EF-4C8B-B99B-65D6F8CC7632}.Release|x86.ActiveCfg = Release|x86
		{3151A4AE-10EF-4C8B-B99B-65D6F8CC7632}.Release|x86.Build.0 = Release|x86
	EndGlobalSection
	GlobalSection(SolutionProperties) = preSolution
		HideSolutionNode = FALSE
	EndGlobalSection
	GlobalSection(ExtensibilityGlobals) = postSolution
		SolutionGuid = {9F8EB167-6462-4AC9-8135-71F9D0F9035C}
	EndGlobalSection
EndGlobal
